<Solution>
  <Project Path="DevLearningAuthorAPI/DevLearningAuthorAPI.csproj" />
  <Project Path="DevLearningCareerAPI/DevLearningCareerAPI.csproj" />
  <Project Path="DevLearningCourseAPI/DevLearningCourseAPI.csproj" />
  <Project Path="DevLearningStudentAPI/DevLearningStudentAPI.csproj" />
  <Project Path="Models/Models.csproj" />
</Solution>
